
Microsoft Visual Studio Solution File, Format Version 12.00
# Visual Studio Version 17
VisualStudioVersion = 17.11.35222.181
MinimumVisualStudioVersion = 10.0.40219.1
Project("{FAE04EC0-301F-11D3-BF4B-00C04F79EFBC}") = "др8.2", "др8.2.csproj", "{D5EEB226-672F-4210-80BA-2A5F74C715A3}"
EndProject
Global
	GlobalSection(SolutionConfigurationPlatforms) = preSolution
		Debug|Any CPU = Debug|Any CPU
		Release|Any CPU = Release|Any CPU
	EndGlobalSection
	GlobalSection(ProjectConfigurationPlatforms) = postSolution
		{D5EEB226-672F-4210-80BA-2A5F74C715A3}.Debug|Any CPU.ActiveCfg = Debug|Any CPU
		{D5EEB226-672F-4210-80BA-2A5F74C715A3}.Debug|Any CPU.Build.0 = Debug|Any CPU
		{D5EEB226-672F-4210-80BA-2A5F74C715A3}.Release|Any CPU.ActiveCfg = Release|Any CPU
		{D5EEB226-672F-4210-80BA-2A5F74C715A3}.Release|Any CPU.Build.0 = Release|Any CPU
	EndGlobalSection
	GlobalSection(SolutionProperties) = preSolution
		HideSolutionNode = FALSE
	EndGlobalSection
	GlobalSection(ExtensibilityGlobals) = postSolution
		SolutionGuid = {7755EDF7-0C73-42F8-84CF-451E270324EA}
	EndGlobalSection
EndGlobal
