
Microsoft Visual Studio Solution File, Format Version 12.00
# Visual Studio Version 17
VisualStudioVersion = 17.11.35222.181
MinimumVisualStudioVersion = 10.0.40219.1
Project("{FAE04EC0-301F-11D3-BF4B-00C04F79EFBC}") = "лр3.1", "лр3.1.csproj", "{4C9F1C6B-2C03-4FC8-BEC6-4C860864D884}"
EndProject
Global
	GlobalSection(SolutionConfigurationPlatforms) = preSolution
		Debug|Any CPU = Debug|Any CPU
		Release|Any CPU = Release|Any CPU
	EndGlobalSection
	GlobalSection(ProjectConfigurationPlatforms) = postSolution
		{4C9F1C6B-2C03-4FC8-BEC6-4C860864D884}.Debug|Any CPU.ActiveCfg = Debug|Any CPU
		{4C9F1C6B-2C03-4FC8-BEC6-4C860864D884}.Debug|Any CPU.Build.0 = Debug|Any CPU
		{4C9F1C6B-2C03-4FC8-BEC6-4C860864D884}.Release|Any CPU.ActiveCfg = Release|Any CPU
		{4C9F1C6B-2C03-4FC8-BEC6-4C860864D884}.Release|Any CPU.Build.0 = Release|Any CPU
	EndGlobalSection
	GlobalSection(SolutionProperties) = preSolution
		HideSolutionNode = FALSE
	EndGlobalSection
	GlobalSection(ExtensibilityGlobals) = postSolution
		SolutionGuid = {54C090AE-15F2-4566-9491-B85E1119E4E9}
	EndGlobalSection
EndGlobal
